
Microsoft Visual Studio Solution File, Format Version 12.00
# Visual Studio 14
VisualStudioVersion = 14.0.25420.1
MinimumVisualStudioVersion = 10.0.40219.1
Project("{FAE04EC0-301F-11D3-BF4B-00C04F79EFBC}") = "OrbMixer", "OrbMixer\OrbMixer\OrbMixer.csproj", "{AFC1997B-9189-4DB5-AC35-ED454DD297D8}"
EndProject
Project("{96E2B04D-8817-42C6-938A-82C39BA4D311}") = "OrbMixerContent", "OrbMixer\OrbMixerContent\OrbMixerContent.contentproj", "{953A0A8D-F45D-44A6-9311-3FA35B206BCB}"
EndProject
Global
	GlobalSection(SolutionConfigurationPlatforms) = preSolution
		Debug|x86 = Debug|x86
		Release|x86 = Release|x86
	EndGlobalSection
	GlobalSection(ProjectConfigurationPlatforms) = postSolution
		{AFC1997B-9189-4DB5-AC35-ED454DD297D8}.Debug|x86.ActiveCfg = Debug|x86
		{AFC1997B-9189-4DB5-AC35-ED454DD297D8}.Debug|x86.Build.0 = Debug|x86
		{AFC1997B-9189-4DB5-AC35-ED454DD297D8}.Release|x86.ActiveCfg = Release|x86
		{AFC1997B-9189-4DB5-AC35-ED454DD297D8}.Release|x86.Build.0 = Release|x86
		{953A0A8D-F45D-44A6-9311-3FA35B206BCB}.Debug|x86.ActiveCfg = Debug|x86
		{953A0A8D-F45D-44A6-9311-3FA35B206BCB}.Release|x86.ActiveCfg = Release|x86
	EndGlobalSection
	GlobalSection(SolutionProperties) = preSolution
		HideSolutionNode = FALSE
	EndGlobalSection
EndGlobal
